{
  "name": "adept-game-plugins",
  "lockfileVersion": 3,
  "requires": true,
  "packages": {
    "": {
      "name": "adept-game-plugins",
      "workspaces": [
        "packages/*"
      ]
    },
    "node_modules/@adept/plugin-sdk": {
      "resolved": "packages/plugin-sdk",
      "link": true
    },
    "node_modules/typescript": {
      "version": "5.9.3",
      "resolved": "https://registry.npmjs.org/typescript/-/typescript-5.9.3.tgz",
      "integrity": "sha512-jl1vZzPDinLr9eUt3J/t7V6FgNEw9QjvBPdysz9KfQDD41fQrC2Y4vKQdiaUpFT4bXlb1RHhLpp8wtm6M5TgSw==",
      "dev": true,
      "license": "Apache-2.0",
      "bin": {
        "tsc": "bin/tsc",
        "tsserver": "bin/tsserver"
      },
      "engines": {
        "node": ">=14.17"
      }
    },
    "packages/plugin-sdk": {
      "name": "@adept/plugin-sdk",
      "version": "1.0.0",
      "devDependencies": {
        "typescript": "^5.7.2"
      }
    }
  }
}
