{
  "name": "adept-game-plugins",
  "lockfileVersion": 3,
  "requires": true,
  "packages": {
    "": {
      "name": "adept-game-plugins",
      "workspaces": [
        "packages/*"
      ]
    },
    "node_modules/@adept-plugins/final-round-selection": {
      "resolved": "packages/final-round-selection",
      "link": true
    },
    "node_modules/@adept-plugins/funeral": {
      "resolved": "packages/funeral",
      "link": true
    },
    "node_modules/@adept-plugins/opening-show": {
      "resolved": "packages/opening-show",
      "link": true
    },
    "node_modules/@adept-plugins/raccoon": {
      "resolved": "packages/raccoon",
      "link": true
    },
    "node_modules/@adept-plugins/spectator-bet": {
      "resolved": "packages/spectator-bet",
      "link": true
    },
    "node_modules/@adept/plugin-sdk": {
      "resolved": "packages/plugin-sdk",
      "link": true
    },
    "node_modules/@types/prop-types": {
      "version": "15.7.15",
      "dev": true,
      "license": "MIT"
    },
    "node_modules/@types/react": {
      "version": "18.3.28",
      "dev": true,
      "license": "MIT",
      "dependencies": {
        "@types/prop-types": "*",
        "csstype": "^3.2.2"
      }
    },
    "node_modules/csstype": {
      "version": "3.2.3",
      "dev": true,
      "license": "MIT"
    },
    "node_modules/js-tokens": {
      "version": "4.0.0",
      "license": "MIT",
      "peer": true
    },
    "node_modules/loose-envify": {
      "version": "1.4.0",
      "license": "MIT",
      "peer": true,
      "dependencies": {
        "js-tokens": "^3.0.0 || ^4.0.0"
      },
      "bin": {
        "loose-envify": "cli.js"
      }
    },
    "node_modules/motion-dom": {
      "version": "12.38.0",
      "resolved": "https://registry.npmjs.org/motion-dom/-/motion-dom-12.38.0.tgz",
      "integrity": "sha512-pdkHLD8QYRp8VfiNLb8xIBJis1byQ9gPT3Jnh2jqfFtAsWUA3dEepDlsWe/xMpO8McV+VdpKVcp+E+TGJEtOoA==",
      "dev": true,
      "license": "MIT",
      "dependencies": {
        "motion-utils": "^12.36.0"
      }
    },
    "node_modules/motion-utils": {
      "version": "12.36.0",
      "resolved": "https://registry.npmjs.org/motion-utils/-/motion-utils-12.36.0.tgz",
      "integrity": "sha512-eHWisygbiwVvf6PZ1vhaHCLamvkSbPIeAYxWUuL3a2PD/TROgE7FvfHWTIH4vMl798QLfMw15nRqIaRDXTlYRg==",
      "dev": true,
      "license": "MIT"
    },
    "node_modules/react": {
      "version": "18.3.1",
      "license": "MIT",
      "peer": true,
      "dependencies": {
        "loose-envify": "^1.1.0"
      },
      "engines": {
        "node": ">=0.10.0"
      }
    },
    "node_modules/scheduler": {
      "version": "0.27.0",
      "resolved": "https://registry.npmjs.org/scheduler/-/scheduler-0.27.0.tgz",
      "integrity": "sha512-eNv+WrVbKu1f3vbYJT/xtiF5syA5HPIMtf9IgY/nKg0sWqzAUEvqY/xm7OcZc/qafLx/iO9FgOmeSAp4v5ti/Q==",
      "dev": true,
      "license": "MIT"
    },
    "node_modules/tslib": {
      "version": "2.8.1",
      "resolved": "https://registry.npmjs.org/tslib/-/tslib-2.8.1.tgz",
      "integrity": "sha512-oJFu94HQb+KVduSUQL7wnpmqnfmLsOA/nAh6b6EH0wCEoK0/mPeXU6c3wKDV83MkOuHPRHtSXKKU99IBazS/2w==",
      "dev": true,
      "license": "0BSD"
    },
    "node_modules/typescript": {
      "version": "5.9.3",
      "dev": true,
      "license": "Apache-2.0",
      "bin": {
        "tsc": "bin/tsc",
        "tsserver": "bin/tsserver"
      },
      "engines": {
        "node": ">=14.17"
      }
    },
    "packages/final-round-selection": {
      "name": "@adept-plugins/final-round-selection",
      "version": "1.0.0",
      "devDependencies": {
        "@adept/plugin-sdk": "*",
        "@types/react": "^18.3.0",
        "typescript": "^5.7.2"
      },
      "peerDependencies": {
        "@adept/plugin-sdk": "^1.0.0",
        "react": "^18.0.0"
      }
    },
    "packages/funeral": {
      "name": "@adept-plugins/funeral",
      "version": "1.0.0",
      "devDependencies": {
        "@adept/plugin-sdk": "*",
        "@types/react": "^18.3.0",
        "typescript": "^5.7.2"
      },
      "peerDependencies": {
        "@adept/plugin-sdk": "^1.0.0",
        "react": "^18.0.0"
      }
    },
    "packages/opening-show": {
      "name": "@adept-plugins/opening-show",
      "version": "1.0.0",
      "devDependencies": {
        "@adept/plugin-sdk": "*",
        "@types/react": "^18.3.0",
        "typescript": "^5.7.2"
      },
      "peerDependencies": {
        "@adept/plugin-sdk": "^1.0.0",
        "react": "^18.0.0"
      }
    },
    "packages/plugin-sdk": {
      "name": "@adept/plugin-sdk",
      "version": "2.0.0",
      "devDependencies": {
        "typescript": "^5.7.2"
      }
    },
    "packages/raccoon": {
      "name": "@adept-plugins/raccoon",
      "version": "1.0.0",
      "devDependencies": {
        "@adept/plugin-sdk": "*",
        "@types/react": "^19.0.1",
        "@types/react-dom": "^19.0.2",
        "framer-motion": "^12.38.0",
        "react": "^19.0.0",
        "react-dom": "^19.0.0",
        "typescript": "^5.7.2"
      },
      "peerDependencies": {
        "@adept/plugin-sdk": "^1.0.0",
        "framer-motion": ">=11.0.0",
        "react": "^18.0.0 || ^19.0.0",
        "react-dom": "^18.0.0 || ^19.0.0"
      }
    },
    "packages/raccoon/node_modules/@types/react": {
      "version": "19.2.14",
      "resolved": "https://registry.npmjs.org/@types/react/-/react-19.2.14.tgz",
      "integrity": "sha512-ilcTH/UniCkMdtexkoCN0bI7pMcJDvmQFPvuPvmEaYA/NSfFTAgdUSLAoVjaRJm7+6PvcM+q1zYOwS4wTYMF9w==",
      "dev": true,
      "license": "MIT",
      "dependencies": {
        "csstype": "^3.2.2"
      }
    },
    "packages/raccoon/node_modules/@types/react-dom": {
      "version": "19.2.3",
      "resolved": "https://registry.npmjs.org/@types/react-dom/-/react-dom-19.2.3.tgz",
      "integrity": "sha512-jp2L/eY6fn+KgVVQAOqYItbF0VY/YApe5Mz2F0aykSO8gx31bYCZyvSeYxCHKvzHG5eZjc+zyaS5BrBWya2+kQ==",
      "dev": true,
      "license": "MIT",
      "peerDependencies": {
        "@types/react": "^19.2.0"
      }
    },
    "packages/raccoon/node_modules/framer-motion": {
      "version": "12.38.0",
      "resolved": "https://registry.npmjs.org/framer-motion/-/framer-motion-12.38.0.tgz",
      "integrity": "sha512-rFYkY/pigbcswl1XQSb7q424kSTQ8q6eAC+YUsSKooHQYuLdzdHjrt6uxUC+PRAO++q5IS7+TamgIw1AphxR+g==",
      "dev": true,
      "license": "MIT",
      "dependencies": {
        "motion-dom": "^12.38.0",
        "motion-utils": "^12.36.0",
        "tslib": "^2.4.0"
      },
      "peerDependencies": {
        "@emotion/is-prop-valid": "*",
        "react": "^18.0.0 || ^19.0.0",
        "react-dom": "^18.0.0 || ^19.0.0"
      },
      "peerDependenciesMeta": {
        "@emotion/is-prop-valid": {
          "optional": true
        },
        "react": {
          "optional": true
        },
        "react-dom": {
          "optional": true
        }
      }
    },
    "packages/raccoon/node_modules/react": {
      "version": "19.2.6",
      "resolved": "https://registry.npmjs.org/react/-/react-19.2.6.tgz",
      "integrity": "sha512-sfWGGfavi0xr8Pg0sVsyHMAOziVYKgPLNrS7ig+ivMNb3wbCBw3KxtflsGBAwD3gYQlE/AEZsTLgToRrSCjb0Q==",
      "dev": true,
      "license": "MIT",
      "engines": {
        "node": ">=0.10.0"
      }
    },
    "packages/raccoon/node_modules/react-dom": {
      "version": "19.2.6",
      "resolved": "https://registry.npmjs.org/react-dom/-/react-dom-19.2.6.tgz",
      "integrity": "sha512-0prMI+hvBbPjsWnxDLxlCGyM8PN6UuWjEUCYmZhO67xIV9Xasa/r/vDnq+Xyq4Lo27g8QSbO5YzARu0D1Sps3g==",
      "dev": true,
      "license": "MIT",
      "dependencies": {
        "scheduler": "^0.27.0"
      },
      "peerDependencies": {
        "react": "^19.2.6"
      }
    },
    "packages/spectator-bet": {
      "name": "@adept-plugins/spectator-bet",
      "version": "1.0.0",
      "devDependencies": {
        "@adept/plugin-sdk": "*",
        "@types/react": "^18.3.0",
        "typescript": "^5.7.2"
      },
      "peerDependencies": {
        "@adept/plugin-sdk": "^1.0.0",
        "react": "^18.0.0"
      }
    }
  }
}
