{
  "name": "adept-game-plugins",
  "lockfileVersion": 3,
  "requires": true,
  "packages": {
    "": {
      "name": "adept-game-plugins",
      "workspaces": [
        "packages/*"
      ]
    },
    "node_modules/@adept-plugins/final-round-selection": {
      "resolved": "packages/final-round-selection",
      "link": true
    },
    "node_modules/@adept-plugins/funeral": {
      "resolved": "packages/funeral",
      "link": true
    },
    "node_modules/@adept-plugins/spectator-bet": {
      "resolved": "packages/spectator-bet",
      "link": true
    },
    "node_modules/@adept/plugin-sdk": {
      "resolved": "packages/plugin-sdk",
      "link": true
    },
    "node_modules/@types/prop-types": {
      "version": "15.7.15",
      "dev": true,
      "license": "MIT"
    },
    "node_modules/@types/react": {
      "version": "18.3.28",
      "dev": true,
      "license": "MIT",
      "dependencies": {
        "@types/prop-types": "*",
        "csstype": "^3.2.2"
      }
    },
    "node_modules/csstype": {
      "version": "3.2.3",
      "dev": true,
      "license": "MIT"
    },
    "node_modules/js-tokens": {
      "version": "4.0.0",
      "license": "MIT",
      "peer": true
    },
    "node_modules/loose-envify": {
      "version": "1.4.0",
      "license": "MIT",
      "peer": true,
      "dependencies": {
        "js-tokens": "^3.0.0 || ^4.0.0"
      },
      "bin": {
        "loose-envify": "cli.js"
      }
    },
    "node_modules/react": {
      "version": "18.3.1",
      "license": "MIT",
      "peer": true,
      "dependencies": {
        "loose-envify": "^1.1.0"
      },
      "engines": {
        "node": ">=0.10.0"
      }
    },
    "node_modules/typescript": {
      "version": "5.9.3",
      "dev": true,
      "license": "Apache-2.0",
      "bin": {
        "tsc": "bin/tsc",
        "tsserver": "bin/tsserver"
      },
      "engines": {
        "node": ">=14.17"
      }
    },
    "packages/final-round-selection": {
      "name": "@adept-plugins/final-round-selection",
      "version": "1.0.0",
      "devDependencies": {
        "@adept/plugin-sdk": "*",
        "@types/react": "^18.3.0",
        "typescript": "^5.7.2"
      },
      "peerDependencies": {
        "@adept/plugin-sdk": "^1.0.0",
        "react": "^18.0.0"
      }
    },
    "packages/funeral": {
      "name": "@adept-plugins/funeral",
      "version": "1.0.0",
      "devDependencies": {
        "@adept/plugin-sdk": "*",
        "@types/react": "^18.3.0",
        "typescript": "^5.7.2"
      },
      "peerDependencies": {
        "@adept/plugin-sdk": "^1.0.0",
        "react": "^18.0.0"
      }
    },
    "packages/plugin-sdk": {
      "name": "@adept/plugin-sdk",
      "version": "1.0.0",
      "devDependencies": {
        "typescript": "^5.7.2"
      }
    },
    "packages/spectator-bet": {
      "name": "@adept-plugins/spectator-bet",
      "version": "1.0.0",
      "devDependencies": {
        "@adept/plugin-sdk": "*",
        "@types/react": "^18.3.0",
        "typescript": "^5.7.2"
      },
      "peerDependencies": {
        "@adept/plugin-sdk": "^1.0.0",
        "react": "^18.0.0"
      }
    }
  }
}
